
Microsoft Visual Studio Solution File, Format Version 12.00
# Visual Studio Version 17
VisualStudioVersion = 17.0.31903.59
MinimumVisualStudioVersion = 10.0.40219.1
Project("{9A19103F-16F7-4668-BE54-9A1E7A4F7556}") = "AuthService", "AuthService\AuthService.csproj", "{889140A5-4257-4ED9-8B5D-3E57BB0B0470}"
EndProject
Project("{9A19103F-16F7-4668-BE54-9A1E7A4F7556}") = "AuthServiceTests", "AuthServiceTests\AuthServiceTests.csproj", "{75FBC3BC-E5F9-45F2-B30E-06938B77D9CD}"
EndProject
Global
	GlobalSection(SolutionConfigurationPlatforms) = preSolution
		Debug|Any CPU = Debug|Any CPU
		Release|Any CPU = Release|Any CPU
	EndGlobalSection
	GlobalSection(ProjectConfigurationPlatforms) = postSolution
		{889140A5-4257-4ED9-8B5D-3E57BB0B0470}.Debug|Any CPU.ActiveCfg = Debug|Any CPU
		{889140A5-4257-4ED9-8B5D-3E57BB0B0470}.Debug|Any CPU.Build.0 = Debug|Any CPU
		{889140A5-4257-4ED9-8B5D-3E57BB0B0470}.Release|Any CPU.ActiveCfg = Release|Any CPU
		{889140A5-4257-4ED9-8B5D-3E57BB0B0470}.Release|Any CPU.Build.0 = Release|Any CPU
		{75FBC3BC-E5F9-45F2-B30E-06938B77D9CD}.Debug|Any CPU.ActiveCfg = Debug|Any CPU
		{75FBC3BC-E5F9-45F2-B30E-06938B77D9CD}.Debug|Any CPU.Build.0 = Debug|Any CPU
		{75FBC3BC-E5F9-45F2-B30E-06938B77D9CD}.Release|Any CPU.ActiveCfg = Release|Any CPU
		{75FBC3BC-E5F9-45F2-B30E-06938B77D9CD}.Release|Any CPU.Build.0 = Release|Any CPU
	EndGlobalSection
	GlobalSection(SolutionProperties) = preSolution
		HideSolutionNode = FALSE
	EndGlobalSection
EndGlobal
